[[package]]
name = "asgiref"
version = "3.5.2"
description = "ASGI specs, helper code, and adapters"
category = "main"
optional = false
python-versions = ">=3.7"

[package.extras]
tests = ["pytest", "pytest-asyncio", "mypy (>=0.800)"]

[[package]]
name = "backports.zoneinfo"
version = "0.2.1"
description = "Backport of the standard library zoneinfo module"
category = "main"
optional = false
python-versions = ">=3.6"

[package.extras]
tzdata = ["tzdata"]

[[package]]
name = "django"
version = "4.1.2"
description = "A high-level Python web framework that encourages rapid development and clean, pragmatic design."
category = "main"
optional = false
python-versions = ">=3.8"

[package.dependencies]
asgiref = ">=3.5.2,<4"
"backports.zoneinfo" = {version = "*", markers = "python_version < \"3.9\""}
sqlparse = ">=0.2.2"
tzdata = {version = "*", markers = "sys_platform == \"win32\""}

[package.extras]
argon2 = ["argon2-cffi (>=19.1.0)"]
bcrypt = ["bcrypt"]

[[package]]
name = "django-precise-bbcode"
version = "1.2.15"
description = "A django BBCode integration.."
category = "main"
optional = false
python-versions = ">=3.6,<4.0"

[package.dependencies]
django = ">=3.2"
pillow = ">=2.2.1"

[[package]]
name = "django-rest-framework"
version = "0.1.0"
description = "alias."
category = "main"
optional = false
python-versions = "*"

[package.dependencies]
djangorestframework = "*"

[[package]]
name = "djangorestframework"
version = "3.14.0"
description = "Web APIs for Django, made easy."
category = "main"
optional = false
python-versions = ">=3.6"

[package.dependencies]
django = ">=3.0"
pytz = "*"

[[package]]
name = "gunicorn"
version = "20.1.0"
description = "WSGI HTTP Server for UNIX"
category = "main"
optional = false
python-versions = ">=3.5"

[package.extras]
eventlet = ["eventlet (>=0.24.1)"]
gevent = ["gevent (>=1.4.0)"]
setproctitle = ["setproctitle"]
tornado = ["tornado (>=0.2)"]

[[package]]
name = "mysql"
version = "0.0.3"
description = "Virtual package for MySQL-python"
category = "main"
optional = false
python-versions = "*"

[package.dependencies]
mysqlclient = "*"

[[package]]
name = "mysql-connector"
version = "2.2.9"
description = "MySQL driver written in Python"
category = "main"
optional = false
python-versions = "*"

[[package]]
name = "mysqlclient"
version = "2.1.1"
description = "Python interface to MySQL"
category = "main"
optional = false
python-versions = ">=3.5"

[[package]]
name = "pillow"
version = "9.2.0"
description = "Python Imaging Library (Fork)"
category = "main"
optional = false
python-versions = ">=3.7"

[package.extras]
docs = ["furo", "olefile", "sphinx (>=2.4)", "sphinx-copybutton", "sphinx-issues (>=3.0.1)", "sphinx-removed-in", "sphinxext-opengraph"]
tests = ["check-manifest", "coverage", "defusedxml", "markdown2", "olefile", "packaging", "pyroma", "pytest", "pytest-cov", "pytest-timeout"]

[[package]]
name = "pynames"
version = "0.2.4"
description = "Name generation library."
category = "main"
optional = false
python-versions = ">=3.6,<4.0"

[package.dependencies]
unicodecsv = ">=0.14,<0.15"

[[package]]
name = "python-dotenv"
version = "0.21.0"
description = "Read key-value pairs from a .env file and set them as environment variables"
category = "main"
optional = false
python-versions = ">=3.7"

[package.extras]
cli = ["click (>=5.0)"]

[[package]]
name = "python-json-logger"
version = "2.0.4"
description = "A python library adding a json log formatter"
category = "main"
optional = false
python-versions = ">=3.5"

[[package]]
name = "pytz"
version = "2022.5"
description = "World timezone definitions, modern and historical"
category = "main"
optional = false
python-versions = "*"

[[package]]
name = "sphynx"
version = "0.0.3"
description = "A wrapper around structlog with nice defaults"
category = "main"
optional = false
python-versions = ">=3.6"

[package.dependencies]
python-json-logger = ">=2.0.1,<3.0.0"
structlog = ">=21.1.0,<22.0.0"

[[package]]
name = "sqlparse"
version = "0.4.3"
description = "A non-validating SQL parser."
category = "main"
optional = false
python-versions = ">=3.5"

[[package]]
name = "structlog"
version = "21.5.0"
description = "Structured Logging for Python"
category = "main"
optional = false
python-versions = ">=3.6"

[package.extras]
dev = ["pre-commit", "rich", "cogapp", "tomli", "coverage", "freezegun (>=0.2.8)", "pretend", "pytest-asyncio", "pytest (>=6.0)", "simplejson", "furo", "sphinx", "sphinx-notfound-page", "sphinxcontrib-mermaid", "twisted"]
docs = ["furo", "sphinx", "sphinx-notfound-page", "sphinxcontrib-mermaid", "twisted"]
tests = ["coverage", "freezegun (>=0.2.8)", "pretend", "pytest-asyncio", "pytest (>=6.0)", "simplejson"]

[[package]]
name = "tzdata"
version = "2022.5"
description = "Provider of IANA time zone data"
category = "main"
optional = false
python-versions = ">=2"

[[package]]
name = "unicodecsv"
version = "0.14.1"
description = "Python2's stdlib csv module is nice, but it doesn't support unicode. This module is a drop-in replacement which *does*."
category = "main"
optional = false
python-versions = "*"

[metadata]
lock-version = "1.1"
python-versions = ">=3.8,<4.0"
content-hash = "341e7b8b778d4f8c8a4ddec6fe3664c418e8cf8031ebbda267c25a846b8fb2f5"

[metadata.files]
asgiref = []
"backports.zoneinfo" = []
django = []
django-precise-bbcode = []
django-rest-framework = []
djangorestframework = []
gunicorn = []
mysql = []
mysql-connector = []
mysqlclient = []
pillow = []
pynames = []
python-dotenv = []
python-json-logger = []
pytz = []
sphynx = []
sqlparse = []
structlog = []
tzdata = []
unicodecsv = []
